
Microsoft Visual Studio Solution File, Format Version 12.00
# Visual Studio Version 17
VisualStudioVersion = 17.7.34202.233
MinimumVisualStudioVersion = 10.0.40219.1
Project("{FAE04EC0-301F-11D3-BF4B-00C04F79EFBC}") = "DoAnCuoiKi", "DoAnCuoiKi.csproj", "{0BF84068-905F-44BC-85AE-56BDAA5650D0}"
EndProject
Global
	GlobalSection(SolutionConfigurationPlatforms) = preSolution
		Debug|Any CPU = Debug|Any CPU
		Release|Any CPU = Release|Any CPU
	EndGlobalSection
	GlobalSection(ProjectConfigurationPlatforms) = postSolution
		{0BF84068-905F-44BC-85AE-56BDAA5650D0}.Debug|Any CPU.ActiveCfg = Debug|Any CPU
		{0BF84068-905F-44BC-85AE-56BDAA5650D0}.Debug|Any CPU.Build.0 = Debug|Any CPU
		{0BF84068-905F-44BC-85AE-56BDAA5650D0}.Release|Any CPU.ActiveCfg = Release|Any CPU
		{0BF84068-905F-44BC-85AE-56BDAA5650D0}.Release|Any CPU.Build.0 = Release|Any CPU
	EndGlobalSection
	GlobalSection(SolutionProperties) = preSolution
		HideSolutionNode = FALSE
	EndGlobalSection
	GlobalSection(ExtensibilityGlobals) = postSolution
		SolutionGuid = {851115B0-DB72-4E82-900D-9BCACA981470}
	EndGlobalSection
EndGlobal
